
Microsoft Visual Studio Solution File, Format Version 12.00
# Visual Studio 15
VisualStudioVersion = 15.0.28010.2046
MinimumVisualStudioVersion = 10.0.40219.1
Project("{FAE04EC0-301F-11D3-BF4B-00C04F79EFBC}") = "MHW_ModManager", "MHW_ModManager\MHW_ModManager.csproj", "{7EA3D2AB-7F65-4167-B3B7-A85C49143F09}"
EndProject
Project("{FAE04EC0-301F-11D3-BF4B-00C04F79EFBC}") = "SevenZip2010", "SevenZip\SevenZip2010.csproj", "{4960DD14-3431-47EC-B9D9-9D2730A98DC3}"
EndProject
Global
	GlobalSection(SolutionConfigurationPlatforms) = preSolution
		Debug|Any CPU = Debug|Any CPU
		Debug|x86 = Debug|x86
		Deploy|Any CPU = Deploy|Any CPU
		Deploy|x86 = Deploy|x86
		Release|Any CPU = Release|Any CPU
		Release|x86 = Release|x86
	EndGlobalSection
	GlobalSection(ProjectConfigurationPlatforms) = postSolution
		{7EA3D2AB-7F65-4167-B3B7-A85C49143F09}.Debug|Any CPU.ActiveCfg = Debug|Any CPU
		{7EA3D2AB-7F65-4167-B3B7-A85C49143F09}.Debug|Any CPU.Build.0 = Debug|Any CPU
		{7EA3D2AB-7F65-4167-B3B7-A85C49143F09}.Debug|x86.ActiveCfg = Debug|Any CPU
		{7EA3D2AB-7F65-4167-B3B7-A85C49143F09}.Debug|x86.Build.0 = Debug|Any CPU
		{7EA3D2AB-7F65-4167-B3B7-A85C49143F09}.Deploy|Any CPU.ActiveCfg = Debug|Any CPU
		{7EA3D2AB-7F65-4167-B3B7-A85C49143F09}.Deploy|Any CPU.Build.0 = Debug|Any CPU
		{7EA3D2AB-7F65-4167-B3B7-A85C49143F09}.Deploy|x86.ActiveCfg = Debug|Any CPU
		{7EA3D2AB-7F65-4167-B3B7-A85C49143F09}.Deploy|x86.Build.0 = Debug|Any CPU
		{7EA3D2AB-7F65-4167-B3B7-A85C49143F09}.Release|Any CPU.ActiveCfg = Release|Any CPU
		{7EA3D2AB-7F65-4167-B3B7-A85C49143F09}.Release|Any CPU.Build.0 = Release|Any CPU
		{7EA3D2AB-7F65-4167-B3B7-A85C49143F09}.Release|x86.ActiveCfg = Release|Any CPU
		{7EA3D2AB-7F65-4167-B3B7-A85C49143F09}.Release|x86.Build.0 = Release|Any CPU
		{4960DD14-3431-47EC-B9D9-9D2730A98DC3}.Debug|Any CPU.ActiveCfg = Debug|Any CPU
		{4960DD14-3431-47EC-B9D9-9D2730A98DC3}.Debug|Any CPU.Build.0 = Debug|Any CPU
		{4960DD14-3431-47EC-B9D9-9D2730A98DC3}.Debug|x86.ActiveCfg = Debug|Any CPU
		{4960DD14-3431-47EC-B9D9-9D2730A98DC3}.Debug|x86.Build.0 = Debug|Any CPU
		{4960DD14-3431-47EC-B9D9-9D2730A98DC3}.Deploy|Any CPU.ActiveCfg = Deploy|Any CPU
		{4960DD14-3431-47EC-B9D9-9D2730A98DC3}.Deploy|Any CPU.Build.0 = Deploy|Any CPU
		{4960DD14-3431-47EC-B9D9-9D2730A98DC3}.Deploy|x86.ActiveCfg = Deploy|Any CPU
		{4960DD14-3431-47EC-B9D9-9D2730A98DC3}.Deploy|x86.Build.0 = Deploy|Any CPU
		{4960DD14-3431-47EC-B9D9-9D2730A98DC3}.Release|Any CPU.ActiveCfg = Release|Any CPU
		{4960DD14-3431-47EC-B9D9-9D2730A98DC3}.Release|Any CPU.Build.0 = Release|Any CPU
		{4960DD14-3431-47EC-B9D9-9D2730A98DC3}.Release|x86.ActiveCfg = Release|Any CPU
		{4960DD14-3431-47EC-B9D9-9D2730A98DC3}.Release|x86.Build.0 = Release|Any CPU
	EndGlobalSection
	GlobalSection(SolutionProperties) = preSolution
		HideSolutionNode = FALSE
	EndGlobalSection
	GlobalSection(ExtensibilityGlobals) = postSolution
		SolutionGuid = {27196119-F842-4E18-91A7-3FED7D5E7C19}
	EndGlobalSection
EndGlobal
